{
  "name": "tim-wix-landing",
  "version": "0.1.0",
  "lockfileVersion": 3,
  "requires": true,
  "packages": {
    "": {
      "name": "tim-wix-landing",
      "version": "0.1.0",
      "dependencies": {
        "@wix/crm": "^1.0.1538",
        "@wix/sdk": "^1.15.0",
        "next": "^14.2.30",
        "react": "^18",
        "react-dom": "^18"
      },
      "devDependencies": {
        "@types/node": "^20",
        "@types/react": "^18",
        "@types/react-dom": "^18",
        "typescript": "^5"
      }
    },
    "node_modules/@babel/runtime": {
      "version": "7.29.2",
      "license": "MIT",
      "engines": {
        "node": ">=6.9.0"
      }
    },
    "node_modules/@next/env": {
      "version": "14.2.35",
      "resolved": "https://registry.npmjs.org/@next/env/-/env-14.2.35.tgz",
      "integrity": "sha512-DuhvCtj4t9Gwrx80dmz2F4t/zKQ4ktN8WrMwOuVzkJfBilwAwGr6v16M5eI8yCuZ63H9TTuEU09Iu2HqkzFPVQ==",
      "license": "MIT"
    },
    "node_modules/@next/swc-darwin-arm64": {
      "version": "14.2.33",
      "resolved": "https://registry.npmjs.org/@next/swc-darwin-arm64/-/swc-darwin-arm64-14.2.33.tgz",
      "integrity": "sha512-HqYnb6pxlsshoSTubdXKu15g3iivcbsMXg4bYpjL2iS/V6aQot+iyF4BUc2qA/J/n55YtvE4PHMKWBKGCF/+wA==",
      "cpu": [
        "arm64"
      ],
      "license": "MIT",
      "optional": true,
      "os": [
        "darwin"
      ],
      "engines": {
        "node": ">= 10"
      }
    },
    "node_modules/@next/swc-darwin-x64": {
      "version": "14.2.33",
      "resolved": "https://registry.npmjs.org/@next/swc-darwin-x64/-/swc-darwin-x64-14.2.33.tgz",
      "integrity": "sha512-8HGBeAE5rX3jzKvF593XTTFg3gxeU4f+UWnswa6JPhzaR6+zblO5+fjltJWIZc4aUalqTclvN2QtTC37LxvZAA==",
      "cpu": [
        "x64"
      ],
      "license": "MIT",
      "optional": true,
      "os": [
        "darwin"
      ],
      "engines": {
        "node": ">= 10"
      }
    },
    "node_modules/@next/swc-linux-arm64-gnu": {
      "version": "14.2.33",
      "resolved": "https://registry.npmjs.org/@next/swc-linux-arm64-gnu/-/swc-linux-arm64-gnu-14.2.33.tgz",
      "integrity": "sha512-JXMBka6lNNmqbkvcTtaX8Gu5by9547bukHQvPoLe9VRBx1gHwzf5tdt4AaezW85HAB3pikcvyqBToRTDA4DeLw==",
      "cpu": [
        "arm64"
      ],
      "license": "MIT",
      "optional": true,
      "os": [
        "linux"
      ],
      "engines": {
        "node": ">= 10"
      }
    },
    "node_modules/@next/swc-linux-arm64-musl": {
      "version": "14.2.33",
      "resolved": "https://registry.npmjs.org/@next/swc-linux-arm64-musl/-/swc-linux-arm64-musl-14.2.33.tgz",
      "integrity": "sha512-Bm+QulsAItD/x6Ih8wGIMfRJy4G73tu1HJsrccPW6AfqdZd0Sfm5Imhgkgq2+kly065rYMnCOxTBvmvFY1BKfg==",
      "cpu": [
        "arm64"
      ],
      "license": "MIT",
      "optional": true,
      "os": [
        "linux"
      ],
      "engines": {
        "node": ">= 10"
      }
    },
    "node_modules/@next/swc-linux-x64-gnu": {
      "version": "14.2.33",
      "resolved": "https://registry.npmjs.org/@next/swc-linux-x64-gnu/-/swc-linux-x64-gnu-14.2.33.tgz",
      "integrity": "sha512-FnFn+ZBgsVMbGDsTqo8zsnRzydvsGV8vfiWwUo1LD8FTmPTdV+otGSWKc4LJec0oSexFnCYVO4hX8P8qQKaSlg==",
      "cpu": [
        "x64"
      ],
      "license": "MIT",
      "optional": true,
      "os": [
        "linux"
      ],
      "engines": {
        "node": ">= 10"
      }
    },
    "node_modules/@next/swc-linux-x64-musl": {
      "version": "14.2.33",
      "resolved": "https://registry.npmjs.org/@next/swc-linux-x64-musl/-/swc-linux-x64-musl-14.2.33.tgz",
      "integrity": "sha512-345tsIWMzoXaQndUTDv1qypDRiebFxGYx9pYkhwY4hBRaOLt8UGfiWKr9FSSHs25dFIf8ZqIFaPdy5MljdoawA==",
      "cpu": [
        "x64"
      ],
      "license": "MIT",
      "optional": true,
      "os": [
        "linux"
      ],
      "engines": {
        "node": ">= 10"
      }
    },
    "node_modules/@next/swc-win32-arm64-msvc": {
      "version": "14.2.33",
      "resolved": "https://registry.npmjs.org/@next/swc-win32-arm64-msvc/-/swc-win32-arm64-msvc-14.2.33.tgz",
      "integrity": "sha512-nscpt0G6UCTkrT2ppnJnFsYbPDQwmum4GNXYTeoTIdsmMydSKFz9Iny2jpaRupTb+Wl298+Rh82WKzt9LCcqSQ==",
      "cpu": [
        "arm64"
      ],
      "license": "MIT",
      "optional": true,
      "os": [
        "win32"
      ],
      "engines": {
        "node": ">= 10"
      }
    },
    "node_modules/@next/swc-win32-ia32-msvc": {
      "version": "14.2.33",
      "resolved": "https://registry.npmjs.org/@next/swc-win32-ia32-msvc/-/swc-win32-ia32-msvc-14.2.33.tgz",
      "integrity": "sha512-pc9LpGNKhJ0dXQhZ5QMmYxtARwwmWLpeocFmVG5Z0DzWq5Uf0izcI8tLc+qOpqxO1PWqZ5A7J1blrUIKrIFc7Q==",
      "cpu": [
        "ia32"
      ],
      "license": "MIT",
      "optional": true,
      "os": [
        "win32"
      ],
      "engines": {
        "node": ">= 10"
      }
    },
    "node_modules/@next/swc-win32-x64-msvc": {
      "version": "14.2.33",
      "resolved": "https://registry.npmjs.org/@next/swc-win32-x64-msvc/-/swc-win32-x64-msvc-14.2.33.tgz",
      "integrity": "sha512-nOjfZMy8B94MdisuzZo9/57xuFVLHJaDj5e/xrduJp9CV2/HrfxTRH2fbyLe+K9QT41WBLUd4iXX3R7jBp0EUg==",
      "cpu": [
        "x64"
      ],
      "license": "MIT",
      "optional": true,
      "os": [
        "win32"
      ],
      "engines": {
        "node": ">= 10"
      }
    },
    "node_modules/@swc/counter": {
      "version": "0.1.3",
      "license": "Apache-2.0"
    },
    "node_modules/@swc/helpers": {
      "version": "0.5.5",
      "license": "Apache-2.0",
      "dependencies": {
        "@swc/counter": "^0.1.3",
        "tslib": "^2.4.0"
      }
    },
    "node_modules/@types/node": {
      "version": "20.19.41",
      "dev": true,
      "license": "MIT",
      "dependencies": {
        "undici-types": "~6.21.0"
      }
    },
    "node_modules/@types/prop-types": {
      "version": "15.7.15",
      "dev": true,
      "license": "MIT"
    },
    "node_modules/@types/react": {
      "version": "18.3.29",
      "dev": true,
      "license": "MIT",
      "dependencies": {
        "@types/prop-types": "*",
        "csstype": "^3.2.2"
      }
    },
    "node_modules/@types/react-dom": {
      "version": "18.3.7",
      "dev": true,
      "license": "MIT",
      "peerDependencies": {
        "@types/react": "^18.0.0"
      }
    },
    "node_modules/@wix/auto_sdk_crm_attachments": {
      "version": "1.0.54",
      "resolved": "https://registry.npmjs.org/@wix/auto_sdk_crm_attachments/-/auto_sdk_crm_attachments-1.0.54.tgz",
      "integrity": "sha512-tVD8W2CFZczOwYcWjzWJyCkUVgdf8qcRUvoUP9HsKFnwLVdJU5nfp/4t9Ku8DAMevWuOXX+wnEluToDe4bBUVA==",
      "license": "MIT",
      "dependencies": {
        "@wix/sdk-runtime": "^1.0.12",
        "@wix/sdk-types": "^1.17.7",
        "zod": "^4.3.6"
      }
    },
    "node_modules/@wix/auto_sdk_crm_cards": {
      "version": "1.0.8",
      "resolved": "https://registry.npmjs.org/@wix/auto_sdk_crm_cards/-/auto_sdk_crm_cards-1.0.8.tgz",
      "integrity": "sha512-nXYY+uBKl9ovfBkq00T4aGjMm6nmg1KeR49krGNLHWpyUNEmI4qN6JK4q392RV5lmMKZ/6+Pdx2CCtC5d8DS2g==",
      "license": "MIT",
      "dependencies": {
        "@wix/sdk-runtime": "^1.0.12",
        "@wix/sdk-types": "^1.17.7",
        "zod": "^4.3.6"
      }
    },
    "node_modules/@wix/auto_sdk_crm_contacts": {
      "version": "1.0.1307",
      "resolved": "https://registry.npmjs.org/@wix/auto_sdk_crm_contacts/-/auto_sdk_crm_contacts-1.0.1307.tgz",
      "integrity": "sha512-iFkEUbiB9EsQqtKhQQFMrYh1DnMHfyRJnCQ3CAtu428pqu2ttFIv57t4yP/6kzM1rkA8xV9ac0zy5kaduERHfw==",
      "license": "MIT",
      "dependencies": {
        "@wix/sdk-runtime": "^1.0.12",
        "@wix/sdk-types": "^1.17.7",
        "zod": "^4.3.6"
      }
    },
    "node_modules/@wix/auto_sdk_crm_extended-fields": {
      "version": "1.0.63",
      "resolved": "https://registry.npmjs.org/@wix/auto_sdk_crm_extended-fields/-/auto_sdk_crm_extended-fields-1.0.63.tgz",
      "integrity": "sha512-KVgowQEGNOzKWPGLuUhosLT7IaI590KSx9wJifsc9GFVFulz5Nsw85kvCEqcfMB1Ky6dZ7RAe0tf16OpnaQVFg==",
      "license": "MIT",
      "dependencies": {
        "@wix/sdk-runtime": "^1.0.12",
        "@wix/sdk-types": "^1.17.7",
        "zod": "^4.3.6"
      }
    },
    "node_modules/@wix/auto_sdk_crm_labels": {
      "version": "1.0.62",
      "resolved": "https://registry.npmjs.org/@wix/auto_sdk_crm_labels/-/auto_sdk_crm_labels-1.0.62.tgz",
      "integrity": "sha512-Bme7C3V1AOxLizKr1pCkemnGftXZbQim89hwrTNK933w3DPCLQTcwnQx4vz3zCPojvOoR89Tu/x/7LJPYnyiRA==",
      "license": "MIT",
      "dependencies": {
        "@wix/sdk-runtime": "^1.0.12",
        "@wix/sdk-types": "^1.17.7",
        "zod": "^4.3.6"
      }
    },
    "node_modules/@wix/auto_sdk_crm_notes": {
      "version": "1.0.33",
      "resolved": "https://registry.npmjs.org/@wix/auto_sdk_crm_notes/-/auto_sdk_crm_notes-1.0.33.tgz",
      "integrity": "sha512-9oeScEhW45fmkEaetJRYb7Sg37hZ8FaQI/Yovs9B0pkGIfyUC6b07ULLnims0mTbE9KWcnydU39U7yJFxi0taQ==",
      "license": "MIT",
      "dependencies": {
        "@wix/sdk-runtime": "^1.0.12",
        "@wix/sdk-types": "^1.17.7",
        "zod": "^4.3.6"
      }
    },
    "node_modules/@wix/auto_sdk_crm_pipelines": {
      "version": "1.0.8",
      "resolved": "https://registry.npmjs.org/@wix/auto_sdk_crm_pipelines/-/auto_sdk_crm_pipelines-1.0.8.tgz",
      "integrity": "sha512-bIqxtPf3h0/Lscsd4WGuzajJouL90umtgPI4bO8RuvGE+1DK9sa1rIOn18MByHDRERl4U7E24NLOhXIVoFOZBQ==",
      "license": "MIT",
      "dependencies": {
        "@wix/sdk-runtime": "^1.0.12",
        "@wix/sdk-types": "^1.17.7",
        "zod": "^4.3.6"
      }
    },
    "node_modules/@wix/auto_sdk_crm_submitted-contact": {
      "version": "1.0.44",
      "resolved": "https://registry.npmjs.org/@wix/auto_sdk_crm_submitted-contact/-/auto_sdk_crm_submitted-contact-1.0.44.tgz",
      "integrity": "sha512-4Bh2fuy/RRTT6lm8cS5cKlnI8PMK/3r/2+FBq0BQpyzowdByjBrdbiI7PCnsehijUDX1aBF7Itlqw1YzmApfHw==",
      "license": "MIT",
      "dependencies": {
        "@wix/sdk-runtime": "^1.0.12",
        "@wix/sdk-types": "^1.17.7",
        "zod": "^4.3.6"
      }
    },
    "node_modules/@wix/auto_sdk_crm_tasks": {
      "version": "1.0.79",
      "resolved": "https://registry.npmjs.org/@wix/auto_sdk_crm_tasks/-/auto_sdk_crm_tasks-1.0.79.tgz",
      "integrity": "sha512-dz1t86jRR0nrof+YgB9qUPC/1N7biTq61PUzqMr/WV8vbKWGFdpJ9y9pLC60d4O7LBldCYPbmKkiJ3Hg8uevvg==",
      "license": "MIT",
      "dependencies": {
        "@wix/sdk-runtime": "^1.0.12",
        "@wix/sdk-types": "^1.17.7",
        "zod": "^4.3.6"
      }
    },
    "node_modules/@wix/auto_sdk_identity_authentication": {
      "version": "1.0.46",
      "license": "MIT",
      "dependencies": {
        "@wix/sdk-runtime": "^1.0.12",
        "@wix/sdk-types": "^1.17.7",
        "zod": "^4.3.6"
      }
    },
    "node_modules/@wix/auto_sdk_identity_oauth": {
      "version": "1.0.37",
      "license": "MIT",
      "dependencies": {
        "@wix/sdk-runtime": "^1.0.12",
        "@wix/sdk-types": "^1.17.7",
        "zod": "^4.3.6"
      }
    },
    "node_modules/@wix/auto_sdk_identity_recovery": {
      "version": "1.0.43",
      "license": "MIT",
      "dependencies": {
        "@wix/sdk-runtime": "^1.0.12",
        "@wix/sdk-types": "^1.17.7",
        "zod": "^4.3.6"
      }
    },
    "node_modules/@wix/auto_sdk_identity_verification": {
      "version": "1.0.43",
      "license": "MIT",
      "dependencies": {
        "@wix/sdk-runtime": "^1.0.12",
        "@wix/sdk-types": "^1.17.7",
        "zod": "^4.3.6"
      }
    },
    "node_modules/@wix/auto_sdk_redirects_redirects": {
      "version": "1.0.42",
      "license": "MIT",
      "dependencies": {
        "@wix/sdk-runtime": "^1.0.12",
        "@wix/sdk-types": "^1.17.7",
        "zod": "^4.3.6"
      }
    },
    "node_modules/@wix/crm": {
      "version": "1.0.1538",
      "resolved": "https://registry.npmjs.org/@wix/crm/-/crm-1.0.1538.tgz",
      "integrity": "sha512-cLjOJeinYkFFNTFmNB1iQUGw6hLYONkmhwyUwn+Wltfu0BP0FbpYTdUGgqWCWZqsKya5rXqNFrB90/nzMtUhjQ==",
      "license": "MIT",
      "dependencies": {
        "@wix/auto_sdk_crm_attachments": "1.0.54",
        "@wix/auto_sdk_crm_cards": "1.0.8",
        "@wix/auto_sdk_crm_contacts": "1.0.1307",
        "@wix/auto_sdk_crm_extended-fields": "1.0.63",
        "@wix/auto_sdk_crm_labels": "1.0.62",
        "@wix/auto_sdk_crm_notes": "1.0.33",
        "@wix/auto_sdk_crm_pipelines": "1.0.8",
        "@wix/auto_sdk_crm_submitted-contact": "1.0.44",
        "@wix/auto_sdk_crm_tasks": "1.0.79",
        "@wix/crm_app-extensions": "1.0.29"
      }
    },
    "node_modules/@wix/crm_app-extensions": {
      "version": "1.0.29",
      "resolved": "https://registry.npmjs.org/@wix/crm_app-extensions/-/crm_app-extensions-1.0.29.tgz",
      "integrity": "sha512-O0jLtYWhubGhxeeCImeGjMCFtgipFUExt/7fubkSsx0ayMmqQmp/e9//Xu0rLlyaDl186Mui4Vpu4ylbOwSb6w==",
      "license": "MIT",
      "dependencies": {
        "@wix/sdk-runtime": "^1.0.12",
        "@wix/sdk-types": "^1.17.7",
        "zod": "^4.3.6"
      }
    },
    "node_modules/@wix/error-handler-types": {
      "version": "1.20.0",
      "license": "MIT",
      "dependencies": {
        "@babel/runtime": "^7.28.4"
      }
    },
    "node_modules/@wix/identity": {
      "version": "1.0.195",
      "license": "MIT",
      "dependencies": {
        "@wix/auto_sdk_identity_authentication": "1.0.46",
        "@wix/auto_sdk_identity_oauth": "1.0.37",
        "@wix/auto_sdk_identity_recovery": "1.0.43",
        "@wix/auto_sdk_identity_verification": "1.0.43"
      }
    },
    "node_modules/@wix/image-kit": {
      "version": "1.123.0",
      "license": "MIT",
      "dependencies": {
        "@babel/runtime": "^7.26.0",
        "tslib": "^2.8.1"
      }
    },
    "node_modules/@wix/monitoring-types": {
      "version": "0.12.0",
      "license": "UNLICENSED"
    },
    "node_modules/@wix/redirects": {
      "version": "1.0.114",
      "license": "MIT",
      "dependencies": {
        "@wix/auto_sdk_redirects_redirects": "1.0.42"
      }
    },
    "node_modules/@wix/sdk": {
      "version": "1.21.12",
      "license": "MIT",
      "dependencies": {
        "@wix/identity": "^1.0.104",
        "@wix/image-kit": "^1.114.0",
        "@wix/redirects": "^1.0.70",
        "@wix/sdk-context": "0.0.1",
        "@wix/sdk-runtime": "1.0.14",
        "@wix/sdk-types": "1.17.8",
        "jose": "^5.10.0",
        "type-fest": "^4.41.0"
      },
      "optionalDependencies": {
        "graphql": "^0.8.0 || ^0.9.0 || ^0.10.0 || ^0.11.0 || ^0.12.0 || ^0.13.0 || ^14.0.0 || ^15.0.0 || ^16.0.0 || ^17.0.0"
      }
    },
    "node_modules/@wix/sdk-context": {
      "version": "0.0.1",
      "license": "UNLICENSED"
    },
    "node_modules/@wix/sdk-runtime": {
      "version": "1.0.14",
      "license": "MIT",
      "dependencies": {
        "@wix/sdk-context": "0.0.1",
        "@wix/sdk-types": "1.17.8"
      }
    },
    "node_modules/@wix/sdk-types": {
      "version": "1.17.8",
      "license": "MIT",
      "dependencies": {
        "@wix/error-handler-types": "^1.19.0",
        "@wix/monitoring-types": "^0.12.0",
        "type-fest": "^4.41.0"
      }
    },
    "node_modules/busboy": {
      "version": "1.6.0",
      "dependencies": {
        "streamsearch": "^1.1.0"
      },
      "engines": {
        "node": ">=10.16.0"
      }
    },
    "node_modules/caniuse-lite": {
      "version": "1.0.30001793",
      "funding": [
        {
          "type": "opencollective",
          "url": "https://opencollective.com/browserslist"
        },
        {
          "type": "tidelift",
          "url": "https://tidelift.com/funding/github/npm/caniuse-lite"
        },
        {
          "type": "github",
          "url": "https://github.com/sponsors/ai"
        }
      ],
      "license": "CC-BY-4.0"
    },
    "node_modules/client-only": {
      "version": "0.0.1",
      "license": "MIT"
    },
    "node_modules/csstype": {
      "version": "3.2.3",
      "dev": true,
      "license": "MIT"
    },
    "node_modules/graceful-fs": {
      "version": "4.2.11",
      "license": "ISC"
    },
    "node_modules/graphql": {
      "version": "16.14.0",
      "license": "MIT",
      "optional": true,
      "engines": {
        "node": "^12.22.0 || ^14.16.0 || ^16.0.0 || >=17.0.0"
      }
    },
    "node_modules/jose": {
      "version": "5.10.0",
      "license": "MIT",
      "funding": {
        "url": "https://github.com/sponsors/panva"
      }
    },
    "node_modules/js-tokens": {
      "version": "4.0.0",
      "license": "MIT"
    },
    "node_modules/loose-envify": {
      "version": "1.4.0",
      "license": "MIT",
      "dependencies": {
        "js-tokens": "^3.0.0 || ^4.0.0"
      },
      "bin": {
        "loose-envify": "cli.js"
      }
    },
    "node_modules/nanoid": {
      "version": "3.3.12",
      "funding": [
        {
          "type": "github",
          "url": "https://github.com/sponsors/ai"
        }
      ],
      "license": "MIT",
      "bin": {
        "nanoid": "bin/nanoid.cjs"
      },
      "engines": {
        "node": "^10 || ^12 || ^13.7 || ^14 || >=15.0.1"
      }
    },
    "node_modules/next": {
      "version": "14.2.35",
      "resolved": "https://registry.npmjs.org/next/-/next-14.2.35.tgz",
      "integrity": "sha512-KhYd2Hjt/O1/1aZVX3dCwGXM1QmOV4eNM2UTacK5gipDdPN/oHHK/4oVGy7X8GMfPMsUTUEmGlsy0EY1YGAkig==",
      "license": "MIT",
      "dependencies": {
        "@next/env": "14.2.35",
        "@swc/helpers": "0.5.5",
        "busboy": "1.6.0",
        "caniuse-lite": "^1.0.30001579",
        "graceful-fs": "^4.2.11",
        "postcss": "8.4.31",
        "styled-jsx": "5.1.1"
      },
      "bin": {
        "next": "dist/bin/next"
      },
      "engines": {
        "node": ">=18.17.0"
      },
      "optionalDependencies": {
        "@next/swc-darwin-arm64": "14.2.33",
        "@next/swc-darwin-x64": "14.2.33",
        "@next/swc-linux-arm64-gnu": "14.2.33",
        "@next/swc-linux-arm64-musl": "14.2.33",
        "@next/swc-linux-x64-gnu": "14.2.33",
        "@next/swc-linux-x64-musl": "14.2.33",
        "@next/swc-win32-arm64-msvc": "14.2.33",
        "@next/swc-win32-ia32-msvc": "14.2.33",
        "@next/swc-win32-x64-msvc": "14.2.33"
      },
      "peerDependencies": {
        "@opentelemetry/api": "^1.1.0",
        "@playwright/test": "^1.41.2",
        "react": "^18.2.0",
        "react-dom": "^18.2.0",
        "sass": "^1.3.0"
      },
      "peerDependenciesMeta": {
        "@opentelemetry/api": {
          "optional": true
        },
        "@playwright/test": {
          "optional": true
        },
        "sass": {
          "optional": true
        }
      }
    },
    "node_modules/picocolors": {
      "version": "1.1.1",
      "license": "ISC"
    },
    "node_modules/postcss": {
      "version": "8.4.31",
      "funding": [
        {
          "type": "opencollective",
          "url": "https://opencollective.com/postcss/"
        },
        {
          "type": "tidelift",
          "url": "https://tidelift.com/funding/github/npm/postcss"
        },
        {
          "type": "github",
          "url": "https://github.com/sponsors/ai"
        }
      ],
      "license": "MIT",
      "dependencies": {
        "nanoid": "^3.3.6",
        "picocolors": "^1.0.0",
        "source-map-js": "^1.0.2"
      },
      "engines": {
        "node": "^10 || ^12 || >=14"
      }
    },
    "node_modules/react": {
      "version": "18.3.1",
      "license": "MIT",
      "dependencies": {
        "loose-envify": "^1.1.0"
      },
      "engines": {
        "node": ">=0.10.0"
      }
    },
    "node_modules/react-dom": {
      "version": "18.3.1",
      "license": "MIT",
      "dependencies": {
        "loose-envify": "^1.1.0",
        "scheduler": "^0.23.2"
      },
      "peerDependencies": {
        "react": "^18.3.1"
      }
    },
    "node_modules/scheduler": {
      "version": "0.23.2",
      "license": "MIT",
      "dependencies": {
        "loose-envify": "^1.1.0"
      }
    },
    "node_modules/source-map-js": {
      "version": "1.2.1",
      "license": "BSD-3-Clause",
      "engines": {
        "node": ">=0.10.0"
      }
    },
    "node_modules/streamsearch": {
      "version": "1.1.0",
      "engines": {
        "node": ">=10.0.0"
      }
    },
    "node_modules/styled-jsx": {
      "version": "5.1.1",
      "license": "MIT",
      "dependencies": {
        "client-only": "0.0.1"
      },
      "engines": {
        "node": ">= 12.0.0"
      },
      "peerDependencies": {
        "react": ">= 16.8.0 || 17.x.x || ^18.0.0-0"
      },
      "peerDependenciesMeta": {
        "@babel/core": {
          "optional": true
        },
        "babel-plugin-macros": {
          "optional": true
        }
      }
    },
    "node_modules/tslib": {
      "version": "2.8.1",
      "license": "0BSD"
    },
    "node_modules/type-fest": {
      "version": "4.41.0",
      "license": "(MIT OR CC0-1.0)",
      "engines": {
        "node": ">=16"
      },
      "funding": {
        "url": "https://github.com/sponsors/sindresorhus"
      }
    },
    "node_modules/typescript": {
      "version": "5.9.3",
      "dev": true,
      "license": "Apache-2.0",
      "bin": {
        "tsc": "bin/tsc",
        "tsserver": "bin/tsserver"
      },
      "engines": {
        "node": ">=14.17"
      }
    },
    "node_modules/undici-types": {
      "version": "6.21.0",
      "dev": true,
      "license": "MIT"
    },
    "node_modules/zod": {
      "version": "4.4.3",
      "license": "MIT",
      "funding": {
        "url": "https://github.com/sponsors/colinhacks"
      }
    }
  }
}
